
Microsoft Visual Studio Solution File, Format Version 11.00
# Visual Studio 2010
Project("{8BC9CEB8-8B4A-11D0-8D11-00A0C91BC942}") = "FallingBalls", "FallingBalls\FallingBalls.vcxproj", "{F8A051BC-C266-4105-990A-33F6A052BC6A}"
EndProject
Global
	GlobalSection(SolutionConfigurationPlatforms) = preSolution
		Debug|Win32 = Debug|Win32
		Release|Win32 = Release|Win32
	EndGlobalSection
	GlobalSection(ProjectConfigurationPlatforms) = postSolution
		{F8A051BC-C266-4105-990A-33F6A052BC6A}.Debug|Win32.ActiveCfg = Debug|Win32
		{F8A051BC-C266-4105-990A-33F6A052BC6A}.Debug|Win32.Build.0 = Debug|Win32
		{F8A051BC-C266-4105-990A-33F6A052BC6A}.Release|Win32.ActiveCfg = Release|Win32
		{F8A051BC-C266-4105-990A-33F6A052BC6A}.Release|Win32.Build.0 = Release|Win32
	EndGlobalSection
	GlobalSection(SolutionProperties) = preSolution
		HideSolutionNode = FALSE
	EndGlobalSection
EndGlobal
